// !$*UTF8*$!
{
	archiveVersion = 1;
	classes = {
	};
	objectVersion = 56;
	objects = {

/* Begin PBXBuildFile section */
		25C66BAD2B6A3A5500F3AEDC /* AppDelegate.swift in Sources */ = {isa = PBXBuildFile; fileRef = 25C66BAC2B6A3A5500F3AEDC /* AppDelegate.swift */; };
		25C66BAF2B6A3A5500F3AEDC /* SceneDelegate.swift in Sources */ = {isa = PBXBuildFile; fileRef = 25C66BAE2B6A3A5500F3AEDC /* SceneDelegate.swift */; };
		25C66BB12B6A3A5500F3AEDC /* ViewController.swift in Sources */ = {isa = PBXBuildFile; fileRef = 25C66BB02B6A3A5500F3AEDC /* ViewController.swift */; };
		25C66BB42B6A3A5500F3AEDC /* Main.storyboard in Resources */ = {isa = PBXBuildFile; fileRef = 25C66BB22B6A3A5500F3AEDC /* Main.storyboard */; };
		25C66BB62B6A3A5700F3AEDC /* Assets.xcassets in Resources */ = {isa = PBXBuildFile; fileRef = 25C66BB52B6A3A5700F3AEDC /* Assets.xcassets */; };
		25C66BB92B6A3A5700F3AEDC /* LaunchScreen.storyboard in Resources */ = {isa = PBXBuildFile; fileRef = 25C66BB72B6A3A5700F3AEDC /* LaunchScreen.storyboard */; };
		25C66BC42B6A3A5700F3AEDC /* YooKassaTestTests.swift in Sources */ = {isa = PBXBuildFile; fileRef = 25C66BC32B6A3A5700F3AEDC /* YooKassaTestTests.swift */; };
		25C66BCE2B6A3A5700F3AEDC /* YooKassaTestUITests.swift in Sources */ = {isa = PBXBuildFile; fileRef = 25C66BCD2B6A3A5700F3AEDC /* YooKassaTestUITests.swift */; };
		25C66BD02B6A3A5700F3AEDC /* YooKassaTestUITestsLaunchTests.swift in Sources */ = {isa = PBXBuildFile; fileRef = 25C66BCF2B6A3A5700F3AEDC /* YooKassaTestUITestsLaunchTests.swift */; };
		25C66BDE2B6A4F6A00F3AEDC /* PaymentProcess.swift in Sources */ = {isa = PBXBuildFile; fileRef = 25C66BDD2B6A4F6A00F3AEDC /* PaymentProcess.swift */; };
		25C66BE32B6A502000F3AEDC /* Currency.swift in Sources */ = {isa = PBXBuildFile; fileRef = 25C66BE22B6A502000F3AEDC /* Currency.swift */; };
		25C66BE72B6A50C700F3AEDC /* Keys.swift in Sources */ = {isa = PBXBuildFile; fileRef = 25C66BE62B6A50C700F3AEDC /* Keys.swift */; };
		25C66BE92B6A626100F3AEDC /* HttpUtils.swift in Sources */ = {isa = PBXBuildFile; fileRef = 25C66BE82B6A626100F3AEDC /* HttpUtils.swift */; };
		25C66BEC2B6B66D500F3AEDC /* Payment.swift in Sources */ = {isa = PBXBuildFile; fileRef = 25C66BEB2B6B66D500F3AEDC /* Payment.swift */; };
		25C66BEF2B6B682D00F3AEDC /* PaymentSnapshot.swift in Sources */ = {isa = PBXBuildFile; fileRef = 25C66BEE2B6B682D00F3AEDC /* PaymentSnapshot.swift */; };
/* End PBXBuildFile section */

/* Begin PBXContainerItemProxy section */
		25C66BC02B6A3A5700F3AEDC /* PBXContainerItemProxy */ = {
			isa = PBXContainerItemProxy;
			containerPortal = 25C66BA12B6A3A5500F3AEDC /* Project object */;
			proxyType = 1;
			remoteGlobalIDString = 25C66BA82B6A3A5500F3AEDC;
			remoteInfo = YooKassaTest;
		};
		25C66BCA2B6A3A5700F3AEDC /* PBXContainerItemProxy */ = {
			isa = PBXContainerItemProxy;
			containerPortal = 25C66BA12B6A3A5500F3AEDC /* Project object */;
			proxyType = 1;
			remoteGlobalIDString = 25C66BA82B6A3A5500F3AEDC;
			remoteInfo = YooKassaTest;
		};
/* End PBXContainerItemProxy section */

/* Begin PBXFileReference section */
		25C66BA92B6A3A5500F3AEDC /* YooKassaTest.app */ = {isa = PBXFileReference; explicitFileType = wrapper.application; includeInIndex = 0; path = YooKassaTest.app; sourceTree = BUILT_PRODUCTS_DIR; };
		25C66BAC2B6A3A5500F3AEDC /* AppDelegate.swift */ = {isa = PBXFileReference; lastKnownFileType = sourcecode.swift; path = AppDelegate.swift; sourceTree = "<group>"; };
		25C66BAE2B6A3A5500F3AEDC /* SceneDelegate.swift */ = {isa = PBXFileReference; lastKnownFileType = sourcecode.swift; path = SceneDelegate.swift; sourceTree = "<group>"; };
		25C66BB02B6A3A5500F3AEDC /* ViewController.swift */ = {isa = PBXFileReference; lastKnownFileType = sourcecode.swift; path = ViewController.swift; sourceTree = "<group>"; };
		25C66BB32B6A3A5500F3AEDC /* Base */ = {isa = PBXFileReference; lastKnownFileType = file.storyboard; name = Base; path = Base.lproj/Main.storyboard; sourceTree = "<group>"; };
		25C66BB52B6A3A5700F3AEDC /* Assets.xcassets */ = {isa = PBXFileReference; lastKnownFileType = folder.assetcatalog; path = Assets.xcassets; sourceTree = "<group>"; };
		25C66BB82B6A3A5700F3AEDC /* Base */ = {isa = PBXFileReference; lastKnownFileType = file.storyboard; name = Base; path = Base.lproj/LaunchScreen.storyboard; sourceTree = "<group>"; };
		25C66BBA2B6A3A5700F3AEDC /* Info.plist */ = {isa = PBXFileReference; lastKnownFileType = text.plist.xml; path = Info.plist; sourceTree = "<group>"; };
		25C66BBF2B6A3A5700F3AEDC /* YooKassaTestTests.xctest */ = {isa = PBXFileReference; explicitFileType = wrapper.cfbundle; includeInIndex = 0; path = YooKassaTestTests.xctest; sourceTree = BUILT_PRODUCTS_DIR; };
		25C66BC32B6A3A5700F3AEDC /* YooKassaTestTests.swift */ = {isa = PBXFileReference; lastKnownFileType = sourcecode.swift; path = YooKassaTestTests.swift; sourceTree = "<group>"; };
		25C66BC92B6A3A5700F3AEDC /* YooKassaTestUITests.xctest */ = {isa = PBXFileReference; explicitFileType = wrapper.cfbundle; includeInIndex = 0; path = YooKassaTestUITests.xctest; sourceTree = BUILT_PRODUCTS_DIR; };
		25C66BCD2B6A3A5700F3AEDC /* YooKassaTestUITests.swift */ = {isa = PBXFileReference; lastKnownFileType = sourcecode.swift; path = YooKassaTestUITests.swift; sourceTree = "<group>"; };
		25C66BCF2B6A3A5700F3AEDC /* YooKassaTestUITestsLaunchTests.swift */ = {isa = PBXFileReference; lastKnownFileType = sourcecode.swift; path = YooKassaTestUITestsLaunchTests.swift; sourceTree = "<group>"; };
		25C66BDD2B6A4F6A00F3AEDC /* PaymentProcess.swift */ = {isa = PBXFileReference; lastKnownFileType = sourcecode.swift; path = PaymentProcess.swift; sourceTree = "<group>"; };
		25C66BE22B6A502000F3AEDC /* Currency.swift */ = {isa = PBXFileReference; lastKnownFileType = sourcecode.swift; path = Currency.swift; sourceTree = "<group>"; };
		25C66BE62B6A50C700F3AEDC /* Keys.swift */ = {isa = PBXFileReference; lastKnownFileType = sourcecode.swift; path = Keys.swift; sourceTree = "<group>"; };
		25C66BE82B6A626100F3AEDC /* HttpUtils.swift */ = {isa = PBXFileReference; lastKnownFileType = sourcecode.swift; path = HttpUtils.swift; sourceTree = "<group>"; };
		25C66BEB2B6B66D500F3AEDC /* Payment.swift */ = {isa = PBXFileReference; lastKnownFileType = sourcecode.swift; path = Payment.swift; sourceTree = "<group>"; };
		25C66BEE2B6B682D00F3AEDC /* PaymentSnapshot.swift */ = {isa = PBXFileReference; lastKnownFileType = sourcecode.swift; path = PaymentSnapshot.swift; sourceTree = "<group>"; };
/* End PBXFileReference section */

/* Begin PBXFrameworksBuildPhase section */
		25C66BA62B6A3A5500F3AEDC /* Frameworks */ = {
			isa = PBXFrameworksBuildPhase;
			buildActionMask = 2147483647;
			files = (
			);
			runOnlyForDeploymentPostprocessing = 0;
		};
		25C66BBC2B6A3A5700F3AEDC /* Frameworks */ = {
			isa = PBXFrameworksBuildPhase;
			buildActionMask = 2147483647;
			files = (
			);
			runOnlyForDeploymentPostprocessing = 0;
		};
		25C66BC62B6A3A5700F3AEDC /* Frameworks */ = {
			isa = PBXFrameworksBuildPhase;
			buildActionMask = 2147483647;
			files = (
			);
			runOnlyForDeploymentPostprocessing = 0;
		};
/* End PBXFrameworksBuildPhase section */

/* Begin PBXGroup section */
		25C66BA02B6A3A5500F3AEDC = {
			isa = PBXGroup;
			children = (
				25C66BAB2B6A3A5500F3AEDC /* YooKassaTest */,
				25C66BC22B6A3A5700F3AEDC /* YooKassaTestTests */,
				25C66BCC2B6A3A5700F3AEDC /* YooKassaTestUITests */,
				25C66BAA2B6A3A5500F3AEDC /* Products */,
			);
			sourceTree = "<group>";
		};
		25C66BAA2B6A3A5500F3AEDC /* Products */ = {
			isa = PBXGroup;
			children = (
				25C66BA92B6A3A5500F3AEDC /* YooKassaTest.app */,
				25C66BBF2B6A3A5700F3AEDC /* YooKassaTestTests.xctest */,
				25C66BC92B6A3A5700F3AEDC /* YooKassaTestUITests.xctest */,
			);
			name = Products;
			sourceTree = "<group>";
		};
		25C66BAB2B6A3A5500F3AEDC /* YooKassaTest */ = {
			isa = PBXGroup;
			children = (
				25C66BE02B6A500100F3AEDC /* swift */,
				25C66BB22B6A3A5500F3AEDC /* Main.storyboard */,
				25C66BB52B6A3A5700F3AEDC /* Assets.xcassets */,
				25C66BB72B6A3A5700F3AEDC /* LaunchScreen.storyboard */,
				25C66BBA2B6A3A5700F3AEDC /* Info.plist */,
			);
			path = YooKassaTest;
			sourceTree = "<group>";
		};
		25C66BC22B6A3A5700F3AEDC /* YooKassaTestTests */ = {
			isa = PBXGroup;
			children = (
				25C66BC32B6A3A5700F3AEDC /* YooKassaTestTests.swift */,
			);
			path = YooKassaTestTests;
			sourceTree = "<group>";
		};
		25C66BCC2B6A3A5700F3AEDC /* YooKassaTestUITests */ = {
			isa = PBXGroup;
			children = (
				25C66BCD2B6A3A5700F3AEDC /* YooKassaTestUITests.swift */,
				25C66BCF2B6A3A5700F3AEDC /* YooKassaTestUITestsLaunchTests.swift */,
			);
			path = YooKassaTestUITests;
			sourceTree = "<group>";
		};
		25C66BDC2B6A4F2E00F3AEDC /* payment */ = {
			isa = PBXGroup;
			children = (
				25C66BED2B6B680E00F3AEDC /* process */,
				25C66BEA2B6B668B00F3AEDC /* models */,
				25C66BE42B6A50B700F3AEDC /* utils */,
				25C66BE12B6A501700F3AEDC /* currency */,
			);
			path = payment;
			sourceTree = "<group>";
		};
		25C66BE02B6A500100F3AEDC /* swift */ = {
			isa = PBXGroup;
			children = (
				25C66BAC2B6A3A5500F3AEDC /* AppDelegate.swift */,
				25C66BAE2B6A3A5500F3AEDC /* SceneDelegate.swift */,
				25C66BB02B6A3A5500F3AEDC /* ViewController.swift */,
				25C66BDC2B6A4F2E00F3AEDC /* payment */,
			);
			path = swift;
			sourceTree = "<group>";
		};
		25C66BE12B6A501700F3AEDC /* currency */ = {
			isa = PBXGroup;
			children = (
				25C66BE22B6A502000F3AEDC /* Currency.swift */,
			);
			path = currency;
			sourceTree = "<group>";
		};
		25C66BE42B6A50B700F3AEDC /* utils */ = {
			isa = PBXGroup;
			children = (
				25C66BE62B6A50C700F3AEDC /* Keys.swift */,
				25C66BE82B6A626100F3AEDC /* HttpUtils.swift */,
			);
			path = utils;
			sourceTree = "<group>";
		};
		25C66BEA2B6B668B00F3AEDC /* models */ = {
			isa = PBXGroup;
			children = (
				25C66BEB2B6B66D500F3AEDC /* Payment.swift */,
				25C66BEE2B6B682D00F3AEDC /* PaymentSnapshot.swift */,
			);
			path = models;
			sourceTree = "<group>";
		};
		25C66BED2B6B680E00F3AEDC /* process */ = {
			isa = PBXGroup;
			children = (
				25C66BDD2B6A4F6A00F3AEDC /* PaymentProcess.swift */,
			);
			path = process;
			sourceTree = "<group>";
		};
/* End PBXGroup section */

/* Begin PBXNativeTarget section */
		25C66BA82B6A3A5500F3AEDC /* YooKassaTest */ = {
			isa = PBXNativeTarget;
			buildConfigurationList = 25C66BD32B6A3A5700F3AEDC /* Build configuration list for PBXNativeTarget "YooKassaTest" */;
			buildPhases = (
				25C66BA52B6A3A5500F3AEDC /* Sources */,
				25C66BA62B6A3A5500F3AEDC /* Frameworks */,
				25C66BA72B6A3A5500F3AEDC /* Resources */,
			);
			buildRules = (
			);
			dependencies = (
			);
			name = YooKassaTest;
			productName = YooKassaTest;
			productReference = 25C66BA92B6A3A5500F3AEDC /* YooKassaTest.app */;
			productType = "com.apple.product-type.application";
		};
		25C66BBE2B6A3A5700F3AEDC /* YooKassaTestTests */ = {
			isa = PBXNativeTarget;
			buildConfigurationList = 25C66BD62B6A3A5700F3AEDC /* Build configuration list for PBXNativeTarget "YooKassaTestTests" */;
			buildPhases = (
				25C66BBB2B6A3A5700F3AEDC /* Sources */,
				25C66BBC2B6A3A5700F3AEDC /* Frameworks */,
				25C66BBD2B6A3A5700F3AEDC /* Resources */,
			);
			buildRules = (
			);
			dependencies = (
				25C66BC12B6A3A5700F3AEDC /* PBXTargetDependency */,
			);
			name = YooKassaTestTests;
			productName = YooKassaTestTests;
			productReference = 25C66BBF2B6A3A5700F3AEDC /* YooKassaTestTests.xctest */;
			productType = "com.apple.product-type.bundle.unit-test";
		};
		25C66BC82B6A3A5700F3AEDC /* YooKassaTestUITests */ = {
			isa = PBXNativeTarget;
			buildConfigurationList = 25C66BD92B6A3A5700F3AEDC /* Build configuration list for PBXNativeTarget "YooKassaTestUITests" */;
			buildPhases = (
				25C66BC52B6A3A5700F3AEDC /* Sources */,
				25C66BC62B6A3A5700F3AEDC /* Frameworks */,
				25C66BC72B6A3A5700F3AEDC /* Resources */,
			);
			buildRules = (
			);
			dependencies = (
				25C66BCB2B6A3A5700F3AEDC /* PBXTargetDependency */,
			);
			name = YooKassaTestUITests;
			productName = YooKassaTestUITests;
			productReference = 25C66BC92B6A3A5700F3AEDC /* YooKassaTestUITests.xctest */;
			productType = "com.apple.product-type.bundle.ui-testing";
		};
/* End PBXNativeTarget section */

/* Begin PBXProject section */
		25C66BA12B6A3A5500F3AEDC /* Project object */ = {
			isa = PBXProject;
			attributes = {
				BuildIndependentTargetsInParallel = 1;
				LastSwiftUpdateCheck = 1430;
				LastUpgradeCheck = 1430;
				TargetAttributes = {
					25C66BA82B6A3A5500F3AEDC = {
						CreatedOnToolsVersion = 14.3.1;
					};
					25C66BBE2B6A3A5700F3AEDC = {
						CreatedOnToolsVersion = 14.3.1;
						TestTargetID = 25C66BA82B6A3A5500F3AEDC;
					};
					25C66BC82B6A3A5700F3AEDC = {
						CreatedOnToolsVersion = 14.3.1;
						TestTargetID = 25C66BA82B6A3A5500F3AEDC;
					};
				};
			};
			buildConfigurationList = 25C66BA42B6A3A5500F3AEDC /* Build configuration list for PBXProject "YooKassaTest" */;
			compatibilityVersion = "Xcode 14.0";
			developmentRegion = en;
			hasScannedForEncodings = 0;
			knownRegions = (
				en,
				Base,
			);
			mainGroup = 25C66BA02B6A3A5500F3AEDC;
			productRefGroup = 25C66BAA2B6A3A5500F3AEDC /* Products */;
			projectDirPath = "";
			projectRoot = "";
			targets = (
				25C66BA82B6A3A5500F3AEDC /* YooKassaTest */,
				25C66BBE2B6A3A5700F3AEDC /* YooKassaTestTests */,
				25C66BC82B6A3A5700F3AEDC /* YooKassaTestUITests */,
			);
		};
/* End PBXProject section */

/* Begin PBXResourcesBuildPhase section */
		25C66BA72B6A3A5500F3AEDC /* Resources */ = {
			isa = PBXResourcesBuildPhase;
			buildActionMask = 2147483647;
			files = (
				25C66BB92B6A3A5700F3AEDC /* LaunchScreen.storyboard in Resources */,
				25C66BB62B6A3A5700F3AEDC /* Assets.xcassets in Resources */,
				25C66BB42B6A3A5500F3AEDC /* Main.storyboard in Resources */,
			);
			runOnlyForDeploymentPostprocessing = 0;
		};
		25C66BBD2B6A3A5700F3AEDC /* Resources */ = {
			isa = PBXResourcesBuildPhase;
			buildActionMask = 2147483647;
			files = (
			);
			runOnlyForDeploymentPostprocessing = 0;
		};
		25C66BC72B6A3A5700F3AEDC /* Resources */ = {
			isa = PBXResourcesBuildPhase;
			buildActionMask = 2147483647;
			files = (
			);
			runOnlyForDeploymentPostprocessing = 0;
		};
/* End PBXResourcesBuildPhase section */

/* Begin PBXSourcesBuildPhase section */
		25C66BA52B6A3A5500F3AEDC /* Sources */ = {
			isa = PBXSourcesBuildPhase;
			buildActionMask = 2147483647;
			files = (
				25C66BE92B6A626100F3AEDC /* HttpUtils.swift in Sources */,
				25C66BB12B6A3A5500F3AEDC /* ViewController.swift in Sources */,
				25C66BEF2B6B682D00F3AEDC /* PaymentSnapshot.swift in Sources */,
				25C66BE32B6A502000F3AEDC /* Currency.swift in Sources */,
				25C66BAD2B6A3A5500F3AEDC /* AppDelegate.swift in Sources */,
				25C66BDE2B6A4F6A00F3AEDC /* PaymentProcess.swift in Sources */,
				25C66BAF2B6A3A5500F3AEDC /* SceneDelegate.swift in Sources */,
				25C66BEC2B6B66D500F3AEDC /* Payment.swift in Sources */,
				25C66BE72B6A50C700F3AEDC /* Keys.swift in Sources */,
			);
			runOnlyForDeploymentPostprocessing = 0;
		};
		25C66BBB2B6A3A5700F3AEDC /* Sources */ = {
			isa = PBXSourcesBuildPhase;
			buildActionMask = 2147483647;
			files = (
				25C66BC42B6A3A5700F3AEDC /* YooKassaTestTests.swift in Sources */,
			);
			runOnlyForDeploymentPostprocessing = 0;
		};
		25C66BC52B6A3A5700F3AEDC /* Sources */ = {
			isa = PBXSourcesBuildPhase;
			buildActionMask = 2147483647;
			files = (
				25C66BD02B6A3A5700F3AEDC /* YooKassaTestUITestsLaunchTests.swift in Sources */,
				25C66BCE2B6A3A5700F3AEDC /* YooKassaTestUITests.swift in Sources */,
			);
			runOnlyForDeploymentPostprocessing = 0;
		};
/* End PBXSourcesBuildPhase section */

/* Begin PBXTargetDependency section */
		25C66BC12B6A3A5700F3AEDC /* PBXTargetDependency */ = {
			isa = PBXTargetDependency;
			target = 25C66BA82B6A3A5500F3AEDC /* YooKassaTest */;
			targetProxy = 25C66BC02B6A3A5700F3AEDC /* PBXContainerItemProxy */;
		};
		25C66BCB2B6A3A5700F3AEDC /* PBXTargetDependency */ = {
			isa = PBXTargetDependency;
			target = 25C66BA82B6A3A5500F3AEDC /* YooKassaTest */;
			targetProxy = 25C66BCA2B6A3A5700F3AEDC /* PBXContainerItemProxy */;
		};
/* End PBXTargetDependency section */

/* Begin PBXVariantGroup section */
		25C66BB22B6A3A5500F3AEDC /* Main.storyboard */ = {
			isa = PBXVariantGroup;
			children = (
				25C66BB32B6A3A5500F3AEDC /* Base */,
			);
			name = Main.storyboard;
			sourceTree = "<group>";
		};
		25C66BB72B6A3A5700F3AEDC /* LaunchScreen.storyboard */ = {
			isa = PBXVariantGroup;
			children = (
				25C66BB82B6A3A5700F3AEDC /* Base */,
			);
			name = LaunchScreen.storyboard;
			sourceTree = "<group>";
		};
/* End PBXVariantGroup section */

/* Begin XCBuildConfiguration section */
		25C66BD12B6A3A5700F3AEDC /* Debug */ = {
			isa = XCBuildConfiguration;
			buildSettings = {
				ALWAYS_SEARCH_USER_PATHS = NO;
				CLANG_ANALYZER_NONNULL = YES;
				CLANG_ANALYZER_NUMBER_OBJECT_CONVERSION = YES_AGGRESSIVE;
				CLANG_CXX_LANGUAGE_STANDARD = "gnu++20";
				CLANG_ENABLE_MODULES = YES;
				CLANG_ENABLE_OBJC_ARC = YES;
				CLANG_ENABLE_OBJC_WEAK = YES;
				CLANG_WARN_BLOCK_CAPTURE_AUTORELEASING = YES;
				CLANG_WARN_BOOL_CONVERSION = YES;
				CLANG_WARN_COMMA = YES;
				CLANG_WARN_CONSTANT_CONVERSION = YES;
				CLANG_WARN_DEPRECATED_OBJC_IMPLEMENTATIONS = YES;
				CLANG_WARN_DIRECT_OBJC_ISA_USAGE = YES_ERROR;
				CLANG_WARN_DOCUMENTATION_COMMENTS = YES;
				CLANG_WARN_EMPTY_BODY = YES;
				CLANG_WARN_ENUM_CONVERSION = YES;
				CLANG_WARN_INFINITE_RECURSION = YES;
				CLANG_WARN_INT_CONVERSION = YES;
				CLANG_WARN_NON_LITERAL_NULL_CONVERSION = YES;
				CLANG_WARN_OBJC_IMPLICIT_RETAIN_SELF = YES;
				CLANG_WARN_OBJC_LITERAL_CONVERSION = YES;
				CLANG_WARN_OBJC_ROOT_CLASS = YES_ERROR;
				CLANG_WARN_QUOTED_INCLUDE_IN_FRAMEWORK_HEADER = YES;
				CLANG_WARN_RANGE_LOOP_ANALYSIS = YES;
				CLANG_WARN_STRICT_PROTOTYPES = YES;
				CLANG_WARN_SUSPICIOUS_MOVE = YES;
				CLANG_WARN_UNGUARDED_AVAILABILITY = YES_AGGRESSIVE;
				CLANG_WARN_UNREACHABLE_CODE = YES;
				CLANG_WARN__DUPLICATE_METHOD_MATCH = YES;
				COPY_PHASE_STRIP = NO;
				DEBUG_INFORMATION_FORMAT = dwarf;
				ENABLE_STRICT_OBJC_MSGSEND = YES;
				ENABLE_TESTABILITY = YES;
				GCC_C_LANGUAGE_STANDARD = gnu11;
				GCC_DYNAMIC_NO_PIC = NO;
				GCC_NO_COMMON_BLOCKS = YES;
				GCC_OPTIMIZATION_LEVEL = 0;
				GCC_PREPROCESSOR_DEFINITIONS = (
					"DEBUG=1",
					"$(inherited)",
				);
				GCC_WARN_64_TO_32_BIT_CONVERSION = YES;
				GCC_WARN_ABOUT_RETURN_TYPE = YES_ERROR;
				GCC_WARN_UNDECLARED_SELECTOR = YES;
				GCC_WARN_UNINITIALIZED_AUTOS = YES_AGGRESSIVE;
				GCC_WARN_UNUSED_FUNCTION = YES;
				GCC_WARN_UNUSED_VARIABLE = YES;
				IPHONEOS_DEPLOYMENT_TARGET = 16.4;
				MTL_ENABLE_DEBUG_INFO = INCLUDE_SOURCE;
				MTL_FAST_MATH = YES;
				ONLY_ACTIVE_ARCH = YES;
				SDKROOT = iphoneos;
				SWIFT_ACTIVE_COMPILATION_CONDITIONS = DEBUG;
				SWIFT_OPTIMIZATION_LEVEL = "-Onone";
			};
			name = Debug;
		};
		25C66BD22B6A3A5700F3AEDC /* Release */ = {
			isa = XCBuildConfiguration;
			buildSettings = {
				ALWAYS_SEARCH_USER_PATHS = NO;
				CLANG_ANALYZER_NONNULL = YES;
				CLANG_ANALYZER_NUMBER_OBJECT_CONVERSION = YES_AGGRESSIVE;
				CLANG_CXX_LANGUAGE_STANDARD = "gnu++20";
				CLANG_ENABLE_MODULES = YES;
				CLANG_ENABLE_OBJC_ARC = YES;
				CLANG_ENABLE_OBJC_WEAK = YES;
				CLANG_WARN_BLOCK_CAPTURE_AUTORELEASING = YES;
				CLANG_WARN_BOOL_CONVERSION = YES;
				CLANG_WARN_COMMA = YES;
				CLANG_WARN_CONSTANT_CONVERSION = YES;
				CLANG_WARN_DEPRECATED_OBJC_IMPLEMENTATIONS = YES;
				CLANG_WARN_DIRECT_OBJC_ISA_USAGE = YES_ERROR;
				CLANG_WARN_DOCUMENTATION_COMMENTS = YES;
				CLANG_WARN_EMPTY_BODY = YES;
				CLANG_WARN_ENUM_CONVERSION = YES;
				CLANG_WARN_INFINITE_RECURSION = YES;
				CLANG_WARN_INT_CONVERSION = YES;
				CLANG_WARN_NON_LITERAL_NULL_CONVERSION = YES;
				CLANG_WARN_OBJC_IMPLICIT_RETAIN_SELF = YES;
				CLANG_WARN_OBJC_LITERAL_CONVERSION = YES;
				CLANG_WARN_OBJC_ROOT_CLASS = YES_ERROR;
				CLANG_WARN_QUOTED_INCLUDE_IN_FRAMEWORK_HEADER = YES;
				CLANG_WARN_RANGE_LOOP_ANALYSIS = YES;
				CLANG_WARN_STRICT_PROTOTYPES = YES;
				CLANG_WARN_SUSPICIOUS_MOVE = YES;
				CLANG_WARN_UNGUARDED_AVAILABILITY = YES_AGGRESSIVE;
				CLANG_WARN_UNREACHABLE_CODE = YES;
				CLANG_WARN__DUPLICATE_METHOD_MATCH = YES;
				COPY_PHASE_STRIP = NO;
				DEBUG_INFORMATION_FORMAT = "dwarf-with-dsym";
				ENABLE_NS_ASSERTIONS = NO;
				ENABLE_STRICT_OBJC_MSGSEND = YES;
				GCC_C_LANGUAGE_STANDARD = gnu11;
				GCC_NO_COMMON_BLOCKS = YES;
				GCC_WARN_64_TO_32_BIT_CONVERSION = YES;
				GCC_WARN_ABOUT_RETURN_TYPE = YES_ERROR;
				GCC_WARN_UNDECLARED_SELECTOR = YES;
				GCC_WARN_UNINITIALIZED_AUTOS = YES_AGGRESSIVE;
				GCC_WARN_UNUSED_FUNCTION = YES;
				GCC_WARN_UNUSED_VARIABLE = YES;
				IPHONEOS_DEPLOYMENT_TARGET = 16.4;
				MTL_ENABLE_DEBUG_INFO = NO;
				MTL_FAST_MATH = YES;
				SDKROOT = iphoneos;
				SWIFT_COMPILATION_MODE = wholemodule;
				SWIFT_OPTIMIZATION_LEVEL = "-O";
				VALIDATE_PRODUCT = YES;
			};
			name = Release;
		};
		25C66BD42B6A3A5700F3AEDC /* Debug */ = {
			isa = XCBuildConfiguration;
			buildSettings = {
				ASSETCATALOG_COMPILER_APPICON_NAME = AppIcon;
				ASSETCATALOG_COMPILER_GLOBAL_ACCENT_COLOR_NAME = AccentColor;
				CODE_SIGN_STYLE = Automatic;
				CURRENT_PROJECT_VERSION = 1;
				DEVELOPMENT_TEAM = BK45F2432S;
				GENERATE_INFOPLIST_FILE = YES;
				INFOPLIST_FILE = YooKassaTest/Info.plist;
				INFOPLIST_KEY_UIApplicationSupportsIndirectInputEvents = YES;
				INFOPLIST_KEY_UILaunchStoryboardName = LaunchScreen;
				INFOPLIST_KEY_UIMainStoryboardFile = Main;
				INFOPLIST_KEY_UISupportedInterfaceOrientations_iPad = "UIInterfaceOrientationPortrait UIInterfaceOrientationPortraitUpsideDown UIInterfaceOrientationLandscapeLeft UIInterfaceOrientationLandscapeRight";
				INFOPLIST_KEY_UISupportedInterfaceOrientations_iPhone = "UIInterfaceOrientationPortrait UIInterfaceOrientationLandscapeLeft UIInterfaceOrientationLandscapeRight";
				LD_RUNPATH_SEARCH_PATHS = (
					"$(inherited)",
					"@executable_path/Frameworks",
				);
				MARKETING_VERSION = 1.0;
				PRODUCT_BUNDLE_IDENTIFIER = good.damn.cachier.YooKassaTest;
				PRODUCT_NAME = "$(TARGET_NAME)";
				SWIFT_EMIT_LOC_STRINGS = YES;
				SWIFT_VERSION = 5.0;
				TARGETED_DEVICE_FAMILY = "1,2";
			};
			name = Debug;
		};
		25C66BD52B6A3A5700F3AEDC /* Release */ = {
			isa = XCBuildConfiguration;
			buildSettings = {
				ASSETCATALOG_COMPILER_APPICON_NAME = AppIcon;
				ASSETCATALOG_COMPILER_GLOBAL_ACCENT_COLOR_NAME = AccentColor;
				CODE_SIGN_STYLE = Automatic;
				CURRENT_PROJECT_VERSION = 1;
				DEVELOPMENT_TEAM = BK45F2432S;
				GENERATE_INFOPLIST_FILE = YES;
				INFOPLIST_FILE = YooKassaTest/Info.plist;
				INFOPLIST_KEY_UIApplicationSupportsIndirectInputEvents = YES;
				INFOPLIST_KEY_UILaunchStoryboardName = LaunchScreen;
				INFOPLIST_KEY_UIMainStoryboardFile = Main;
				INFOPLIST_KEY_UISupportedInterfaceOrientations_iPad = "UIInterfaceOrientationPortrait UIInterfaceOrientationPortraitUpsideDown UIInterfaceOrientationLandscapeLeft UIInterfaceOrientationLandscapeRight";
				INFOPLIST_KEY_UISupportedInterfaceOrientations_iPhone = "UIInterfaceOrientationPortrait UIInterfaceOrientationLandscapeLeft UIInterfaceOrientationLandscapeRight";
				LD_RUNPATH_SEARCH_PATHS = (
					"$(inherited)",
					"@executable_path/Frameworks",
				);
				MARKETING_VERSION = 1.0;
				PRODUCT_BUNDLE_IDENTIFIER = good.damn.cachier.YooKassaTest;
				PRODUCT_NAME = "$(TARGET_NAME)";
				SWIFT_EMIT_LOC_STRINGS = YES;
				SWIFT_VERSION = 5.0;
				TARGETED_DEVICE_FAMILY = "1,2";
			};
			name = Release;
		};
		25C66BD72B6A3A5700F3AEDC /* Debug */ = {
			isa = XCBuildConfiguration;
			buildSettings = {
				ALWAYS_EMBED_SWIFT_STANDARD_LIBRARIES = YES;
				BUNDLE_LOADER = "$(TEST_HOST)";
				CODE_SIGN_STYLE = Automatic;
				CURRENT_PROJECT_VERSION = 1;
				DEVELOPMENT_TEAM = BK45F2432S;
				GENERATE_INFOPLIST_FILE = YES;
				IPHONEOS_DEPLOYMENT_TARGET = 16.4;
				MARKETING_VERSION = 1.0;
				PRODUCT_BUNDLE_IDENTIFIER = good.damn.cachier.YooKassaTestTests;
				PRODUCT_NAME = "$(TARGET_NAME)";
				SWIFT_EMIT_LOC_STRINGS = NO;
				SWIFT_VERSION = 5.0;
				TARGETED_DEVICE_FAMILY = "1,2";
				TEST_HOST = "$(BUILT_PRODUCTS_DIR)/YooKassaTest.app/$(BUNDLE_EXECUTABLE_FOLDER_PATH)/YooKassaTest";
			};
			name = Debug;
		};
		25C66BD82B6A3A5700F3AEDC /* Release */ = {
			isa = XCBuildConfiguration;
			buildSettings = {
				ALWAYS_EMBED_SWIFT_STANDARD_LIBRARIES = YES;
				BUNDLE_LOADER = "$(TEST_HOST)";
				CODE_SIGN_STYLE = Automatic;
				CURRENT_PROJECT_VERSION = 1;
				DEVELOPMENT_TEAM = BK45F2432S;
				GENERATE_INFOPLIST_FILE = YES;
				IPHONEOS_DEPLOYMENT_TARGET = 16.4;
				MARKETING_VERSION = 1.0;
				PRODUCT_BUNDLE_IDENTIFIER = good.damn.cachier.YooKassaTestTests;
				PRODUCT_NAME = "$(TARGET_NAME)";
				SWIFT_EMIT_LOC_STRINGS = NO;
				SWIFT_VERSION = 5.0;
				TARGETED_DEVICE_FAMILY = "1,2";
				TEST_HOST = "$(BUILT_PRODUCTS_DIR)/YooKassaTest.app/$(BUNDLE_EXECUTABLE_FOLDER_PATH)/YooKassaTest";
			};
			name = Release;
		};
		25C66BDA2B6A3A5700F3AEDC /* Debug */ = {
			isa = XCBuildConfiguration;
			buildSettings = {
				ALWAYS_EMBED_SWIFT_STANDARD_LIBRARIES = YES;
				CODE_SIGN_STYLE = Automatic;
				CURRENT_PROJECT_VERSION = 1;
				DEVELOPMENT_TEAM = BK45F2432S;
				GENERATE_INFOPLIST_FILE = YES;
				MARKETING_VERSION = 1.0;
				PRODUCT_BUNDLE_IDENTIFIER = good.damn.cachier.YooKassaTestUITests;
				PRODUCT_NAME = "$(TARGET_NAME)";
				SWIFT_EMIT_LOC_STRINGS = NO;
				SWIFT_VERSION = 5.0;
				TARGETED_DEVICE_FAMILY = "1,2";
				TEST_TARGET_NAME = YooKassaTest;
			};
			name = Debug;
		};
		25C66BDB2B6A3A5700F3AEDC /* Release */ = {
			isa = XCBuildConfiguration;
			buildSettings = {
				ALWAYS_EMBED_SWIFT_STANDARD_LIBRARIES = YES;
				CODE_SIGN_STYLE = Automatic;
				CURRENT_PROJECT_VERSION = 1;
				DEVELOPMENT_TEAM = BK45F2432S;
				GENERATE_INFOPLIST_FILE = YES;
				MARKETING_VERSION = 1.0;
				PRODUCT_BUNDLE_IDENTIFIER = good.damn.cachier.YooKassaTestUITests;
				PRODUCT_NAME = "$(TARGET_NAME)";
				SWIFT_EMIT_LOC_STRINGS = NO;
				SWIFT_VERSION = 5.0;
				TARGETED_DEVICE_FAMILY = "1,2";
				TEST_TARGET_NAME = YooKassaTest;
			};
			name = Release;
		};
/* End XCBuildConfiguration section */

/* Begin XCConfigurationList section */
		25C66BA42B6A3A5500F3AEDC /* Build configuration list for PBXProject "YooKassaTest" */ = {
			isa = XCConfigurationList;
			buildConfigurations = (
				25C66BD12B6A3A5700F3AEDC /* Debug */,
				25C66BD22B6A3A5700F3AEDC /* Release */,
			);
			defaultConfigurationIsVisible = 0;
			defaultConfigurationName = Release;
		};
		25C66BD32B6A3A5700F3AEDC /* Build configuration list for PBXNativeTarget "YooKassaTest" */ = {
			isa = XCConfigurationList;
			buildConfigurations = (
				25C66BD42B6A3A5700F3AEDC /* Debug */,
				25C66BD52B6A3A5700F3AEDC /* Release */,
			);
			defaultConfigurationIsVisible = 0;
			defaultConfigurationName = Release;
		};
		25C66BD62B6A3A5700F3AEDC /* Build configuration list for PBXNativeTarget "YooKassaTestTests" */ = {
			isa = XCConfigurationList;
			buildConfigurations = (
				25C66BD72B6A3A5700F3AEDC /* Debug */,
				25C66BD82B6A3A5700F3AEDC /* Release */,
			);
			defaultConfigurationIsVisible = 0;
			defaultConfigurationName = Release;
		};
		25C66BD92B6A3A5700F3AEDC /* Build configuration list for PBXNativeTarget "YooKassaTestUITests" */ = {
			isa = XCConfigurationList;
			buildConfigurations = (
				25C66BDA2B6A3A5700F3AEDC /* Debug */,
				25C66BDB2B6A3A5700F3AEDC /* Release */,
			);
			defaultConfigurationIsVisible = 0;
			defaultConfigurationName = Release;
		};
/* End XCConfigurationList section */
	};
	rootObject = 25C66BA12B6A3A5500F3AEDC /* Project object */;
}
